
Microsoft Visual Studio Solution File, Format Version 12.00
# Visual Studio Version 17
VisualStudioVersion = 17.8.34316.72
MinimumVisualStudioVersion = 10.0.40219.1
Project("{9A19103F-16F7-4668-BE54-9A1E7A4F7556}") = "HttpClientApi", "HttpClientApi.csproj", "{FD2EDD67-9FE1-4424-8990-347EE980EA33}"
EndProject
Global
	GlobalSection(SolutionConfigurationPlatforms) = preSolution
		Debug|Any CPU = Debug|Any CPU
		Release|Any CPU = Release|Any CPU
	EndGlobalSection
	GlobalSection(ProjectConfigurationPlatforms) = postSolution
		{FD2EDD67-9FE1-4424-8990-347EE980EA33}.Debug|Any CPU.ActiveCfg = Debug|Any CPU
		{FD2EDD67-9FE1-4424-8990-347EE980EA33}.Debug|Any CPU.Build.0 = Debug|Any CPU
		{FD2EDD67-9FE1-4424-8990-347EE980EA33}.Release|Any CPU.ActiveCfg = Release|Any CPU
		{FD2EDD67-9FE1-4424-8990-347EE980EA33}.Release|Any CPU.Build.0 = Release|Any CPU
	EndGlobalSection
	GlobalSection(SolutionProperties) = preSolution
		HideSolutionNode = FALSE
	EndGlobalSection
	GlobalSection(ExtensibilityGlobals) = postSolution
		SolutionGuid = {AA6A335A-4862-4432-BD19-2333A481753A}
	EndGlobalSection
EndGlobal
